
Microsoft Visual Studio Solution File, Format Version 12.00
# Visual Studio Version 16
VisualStudioVersion = 16.0.30523.141
MinimumVisualStudioVersion = 10.0.40219.1
Project("{FAE04EC0-301F-11D3-BF4B-00C04F79EFBC}") = "StudentInfoEditor", "StudentInfoEditor\StudentInfoEditor.csproj", "{CA34C08C-F8BD-4E5D-9F76-5125BC93A207}"
EndProject
Global
	GlobalSection(SolutionConfigurationPlatforms) = preSolution
		Debug|Any CPU = Debug|Any CPU
		Release|Any CPU = Release|Any CPU
	EndGlobalSection
	GlobalSection(ProjectConfigurationPlatforms) = postSolution
		{CA34C08C-F8BD-4E5D-9F76-5125BC93A207}.Debug|Any CPU.ActiveCfg = Debug|Any CPU
		{CA34C08C-F8BD-4E5D-9F76-5125BC93A207}.Debug|Any CPU.Build.0 = Debug|Any CPU
		{CA34C08C-F8BD-4E5D-9F76-5125BC93A207}.Release|Any CPU.ActiveCfg = Release|Any CPU
		{CA34C08C-F8BD-4E5D-9F76-5125BC93A207}.Release|Any CPU.Build.0 = Release|Any CPU
	EndGlobalSection
	GlobalSection(SolutionProperties) = preSolution
		HideSolutionNode = FALSE
	EndGlobalSection
	GlobalSection(ExtensibilityGlobals) = postSolution
		SolutionGuid = {94F56811-DA44-4212-91C5-98C17F06EA9C}
	EndGlobalSection
EndGlobal
