
Microsoft Visual Studio Solution File, Format Version 12.00
# Visual Studio Version 17
VisualStudioVersion = 17.1.32210.238
MinimumVisualStudioVersion = 10.0.40219.1
Project("{FAE04EC0-301F-11D3-BF4B-00C04F79EFBC}") = "Contract", "Contract\Contract.csproj", "{88203C2E-A22A-40E7-BDFA-58DF3B4F209A}"
EndProject
Project("{FAE04EC0-301F-11D3-BF4B-00C04F79EFBC}") = "AddInView", "AddInView\AddInView.csproj", "{17080266-B88B-4E5A-902C-6A33E384AB2E}"
EndProject
Project("{FAE04EC0-301F-11D3-BF4B-00C04F79EFBC}") = "FadeImageAddIn", "FadeImageAddIn\FadeImageAddIn.csproj", "{F6E44F96-F7BB-417B-9C9E-1967BB5955EB}"
EndProject
Project("{FAE04EC0-301F-11D3-BF4B-00C04F79EFBC}") = "AddInSideAdapter", "AddInSideAdapter\AddInSideAdapter.csproj", "{C712353C-9928-40F6-A6BF-76A0038CEAC9}"
EndProject
Project("{FAE04EC0-301F-11D3-BF4B-00C04F79EFBC}") = "HostView", "HostView\HostView.csproj", "{7153C9D9-1969-4EE3-B623-5851141383B4}"
EndProject
Project("{FAE04EC0-301F-11D3-BF4B-00C04F79EFBC}") = "HostSideAdapter", "HostSideAdapter\HostSideAdapter.csproj", "{EC219BB1-4701-45F3-99D7-32653E74975B}"
EndProject
Project("{FAE04EC0-301F-11D3-BF4B-00C04F79EFBC}") = "HostApplication", "HostApplication\HostApplication.csproj", "{166C500A-9D30-4149-872C-EB6BAD6D7AD1}"
EndProject
Global
	GlobalSection(SolutionConfigurationPlatforms) = preSolution
		Debug|Any CPU = Debug|Any CPU
		Release|Any CPU = Release|Any CPU
	EndGlobalSection
	GlobalSection(ProjectConfigurationPlatforms) = postSolution
		{88203C2E-A22A-40E7-BDFA-58DF3B4F209A}.Debug|Any CPU.ActiveCfg = Debug|Any CPU
		{88203C2E-A22A-40E7-BDFA-58DF3B4F209A}.Debug|Any CPU.Build.0 = Debug|Any CPU
		{88203C2E-A22A-40E7-BDFA-58DF3B4F209A}.Release|Any CPU.ActiveCfg = Release|Any CPU
		{88203C2E-A22A-40E7-BDFA-58DF3B4F209A}.Release|Any CPU.Build.0 = Release|Any CPU
		{17080266-B88B-4E5A-902C-6A33E384AB2E}.Debug|Any CPU.ActiveCfg = Debug|Any CPU
		{17080266-B88B-4E5A-902C-6A33E384AB2E}.Debug|Any CPU.Build.0 = Debug|Any CPU
		{17080266-B88B-4E5A-902C-6A33E384AB2E}.Release|Any CPU.ActiveCfg = Release|Any CPU
		{17080266-B88B-4E5A-902C-6A33E384AB2E}.Release|Any CPU.Build.0 = Release|Any CPU
		{F6E44F96-F7BB-417B-9C9E-1967BB5955EB}.Debug|Any CPU.ActiveCfg = Debug|Any CPU
		{F6E44F96-F7BB-417B-9C9E-1967BB5955EB}.Debug|Any CPU.Build.0 = Debug|Any CPU
		{F6E44F96-F7BB-417B-9C9E-1967BB5955EB}.Release|Any CPU.ActiveCfg = Release|Any CPU
		{F6E44F96-F7BB-417B-9C9E-1967BB5955EB}.Release|Any CPU.Build.0 = Release|Any CPU
		{C712353C-9928-40F6-A6BF-76A0038CEAC9}.Debug|Any CPU.ActiveCfg = Debug|Any CPU
		{C712353C-9928-40F6-A6BF-76A0038CEAC9}.Debug|Any CPU.Build.0 = Debug|Any CPU
		{C712353C-9928-40F6-A6BF-76A0038CEAC9}.Release|Any CPU.ActiveCfg = Release|Any CPU
		{C712353C-9928-40F6-A6BF-76A0038CEAC9}.Release|Any CPU.Build.0 = Release|Any CPU
		{7153C9D9-1969-4EE3-B623-5851141383B4}.Debug|Any CPU.ActiveCfg = Debug|Any CPU
		{7153C9D9-1969-4EE3-B623-5851141383B4}.Debug|Any CPU.Build.0 = Debug|Any CPU
		{7153C9D9-1969-4EE3-B623-5851141383B4}.Release|Any CPU.ActiveCfg = Release|Any CPU
		{7153C9D9-1969-4EE3-B623-5851141383B4}.Release|Any CPU.Build.0 = Release|Any CPU
		{EC219BB1-4701-45F3-99D7-32653E74975B}.Debug|Any CPU.ActiveCfg = Debug|Any CPU
		{EC219BB1-4701-45F3-99D7-32653E74975B}.Debug|Any CPU.Build.0 = Debug|Any CPU
		{EC219BB1-4701-45F3-99D7-32653E74975B}.Release|Any CPU.ActiveCfg = Release|Any CPU
		{EC219BB1-4701-45F3-99D7-32653E74975B}.Release|Any CPU.Build.0 = Release|Any CPU
		{166C500A-9D30-4149-872C-EB6BAD6D7AD1}.Debug|Any CPU.ActiveCfg = Debug|Any CPU
		{166C500A-9D30-4149-872C-EB6BAD6D7AD1}.Debug|Any CPU.Build.0 = Debug|Any CPU
		{166C500A-9D30-4149-872C-EB6BAD6D7AD1}.Release|Any CPU.ActiveCfg = Release|Any CPU
		{166C500A-9D30-4149-872C-EB6BAD6D7AD1}.Release|Any CPU.Build.0 = Release|Any CPU
	EndGlobalSection
	GlobalSection(SolutionProperties) = preSolution
		HideSolutionNode = FALSE
	EndGlobalSection
	GlobalSection(ExtensibilityGlobals) = postSolution
		SolutionGuid = {9D9BBE1E-07EC-447B-84A5-33DA49929529}
	EndGlobalSection
EndGlobal
