
Microsoft Visual Studio Solution File, Format Version 12.00
# Visual Studio Version 16
VisualStudioVersion = 16.0.30523.141
MinimumVisualStudioVersion = 10.0.40219.1
Project("{FAE04EC0-301F-11D3-BF4B-00C04F79EFBC}") = "BabyStroller.App", "BabyStroller.App\BabyStroller.App.csproj", "{0F9A5FDD-C157-48F9-BF8E-4175BDAE586B}"
EndProject
Project("{FAE04EC0-301F-11D3-BF4B-00C04F79EFBC}") = "BabyStroller.SDK", "BabyStroller.SDK\BabyStroller.SDK.csproj", "{941C6EFD-DE23-4BE8-86EB-E00A4275E6C2}"
EndProject
Global
	GlobalSection(SolutionConfigurationPlatforms) = preSolution
		Debug|Any CPU = Debug|Any CPU
		Release|Any CPU = Release|Any CPU
	EndGlobalSection
	GlobalSection(ProjectConfigurationPlatforms) = postSolution
		{0F9A5FDD-C157-48F9-BF8E-4175BDAE586B}.Debug|Any CPU.ActiveCfg = Debug|Any CPU
		{0F9A5FDD-C157-48F9-BF8E-4175BDAE586B}.Debug|Any CPU.Build.0 = Debug|Any CPU
		{0F9A5FDD-C157-48F9-BF8E-4175BDAE586B}.Release|Any CPU.ActiveCfg = Release|Any CPU
		{0F9A5FDD-C157-48F9-BF8E-4175BDAE586B}.Release|Any CPU.Build.0 = Release|Any CPU
		{941C6EFD-DE23-4BE8-86EB-E00A4275E6C2}.Debug|Any CPU.ActiveCfg = Debug|Any CPU
		{941C6EFD-DE23-4BE8-86EB-E00A4275E6C2}.Debug|Any CPU.Build.0 = Debug|Any CPU
		{941C6EFD-DE23-4BE8-86EB-E00A4275E6C2}.Release|Any CPU.ActiveCfg = Release|Any CPU
		{941C6EFD-DE23-4BE8-86EB-E00A4275E6C2}.Release|Any CPU.Build.0 = Release|Any CPU
	EndGlobalSection
	GlobalSection(SolutionProperties) = preSolution
		HideSolutionNode = FALSE
	EndGlobalSection
	GlobalSection(ExtensibilityGlobals) = postSolution
		SolutionGuid = {05446DA8-02ED-403B-A059-2FD79E74A28A}
	EndGlobalSection
EndGlobal
