
Microsoft Visual Studio Solution File, Format Version 12.00
# Visual Studio Version 17
VisualStudioVersion = 17.1.32210.238
MinimumVisualStudioVersion = 10.0.40219.1
Project("{FAE04EC0-301F-11D3-BF4B-00C04F79EFBC}") = "CustomDrawElement", "CustomDrawElement\CustomDrawElement.csproj", "{2B4C5715-5224-4628-9A2F-7879BAB91C37}"
EndProject
Project("{FAE04EC0-301F-11D3-BF4B-00C04F79EFBC}") = "GradientOriginBrush", "GradientOriginBrush\GradientOriginBrush.csproj", "{F9184EBA-CA11-4564-9865-4AF25B1E8E50}"
EndProject
Global
	GlobalSection(SolutionConfigurationPlatforms) = preSolution
		Debug|Any CPU = Debug|Any CPU
		Release|Any CPU = Release|Any CPU
	EndGlobalSection
	GlobalSection(ProjectConfigurationPlatforms) = postSolution
		{2B4C5715-5224-4628-9A2F-7879BAB91C37}.Debug|Any CPU.ActiveCfg = Debug|Any CPU
		{2B4C5715-5224-4628-9A2F-7879BAB91C37}.Debug|Any CPU.Build.0 = Debug|Any CPU
		{2B4C5715-5224-4628-9A2F-7879BAB91C37}.Release|Any CPU.ActiveCfg = Release|Any CPU
		{2B4C5715-5224-4628-9A2F-7879BAB91C37}.Release|Any CPU.Build.0 = Release|Any CPU
		{F9184EBA-CA11-4564-9865-4AF25B1E8E50}.Debug|Any CPU.ActiveCfg = Debug|Any CPU
		{F9184EBA-CA11-4564-9865-4AF25B1E8E50}.Debug|Any CPU.Build.0 = Debug|Any CPU
		{F9184EBA-CA11-4564-9865-4AF25B1E8E50}.Release|Any CPU.ActiveCfg = Release|Any CPU
		{F9184EBA-CA11-4564-9865-4AF25B1E8E50}.Release|Any CPU.Build.0 = Release|Any CPU
	EndGlobalSection
	GlobalSection(SolutionProperties) = preSolution
		HideSolutionNode = FALSE
	EndGlobalSection
	GlobalSection(ExtensibilityGlobals) = postSolution
		SolutionGuid = {2937CBD5-C05B-4A08-9385-A7A1C86A225F}
	EndGlobalSection
EndGlobal
