
Microsoft Visual Studio Solution File, Format Version 12.00
# Visual Studio Version 16
VisualStudioVersion = 16.0.30523.141
MinimumVisualStudioVersion = 10.0.40219.1
Project("{FAE04EC0-301F-11D3-BF4B-00C04F79EFBC}") = "WpfApp", "WpfApp\WpfApp.csproj", "{A0D47908-3DAD-4BD2-B1C4-46CDA679B61C}"
EndProject
Global
	GlobalSection(SolutionConfigurationPlatforms) = preSolution
		Debug|Any CPU = Debug|Any CPU
		Release|Any CPU = Release|Any CPU
	EndGlobalSection
	GlobalSection(ProjectConfigurationPlatforms) = postSolution
		{A0D47908-3DAD-4BD2-B1C4-46CDA679B61C}.Debug|Any CPU.ActiveCfg = Debug|Any CPU
		{A0D47908-3DAD-4BD2-B1C4-46CDA679B61C}.Debug|Any CPU.Build.0 = Debug|Any CPU
		{A0D47908-3DAD-4BD2-B1C4-46CDA679B61C}.Release|Any CPU.ActiveCfg = Release|Any CPU
		{A0D47908-3DAD-4BD2-B1C4-46CDA679B61C}.Release|Any CPU.Build.0 = Release|Any CPU
	EndGlobalSection
	GlobalSection(SolutionProperties) = preSolution
		HideSolutionNode = FALSE
	EndGlobalSection
	GlobalSection(ExtensibilityGlobals) = postSolution
		SolutionGuid = {C27EE1D1-5A12-4892-B870-96C8A8A3D03E}
	EndGlobalSection
EndGlobal
